
Microsoft Visual Studio Solution File, Format Version 12.00
# Visual Studio 15
VisualStudioVersion = 15.0.28307.645
MinimumVisualStudioVersion = 10.0.40219.1
Project("{9092AA53-FB77-4645-B42D-1CCCA6BD08BD}") = "lab2", "lab2\lab2.njsproj", "{56841274-13A9-4F37-95B2-D0DC2EDD70F4}"
EndProject
Global
	GlobalSection(SolutionConfigurationPlatforms) = preSolution
		Debug|Any CPU = Debug|Any CPU
		Release|Any CPU = Release|Any CPU
	EndGlobalSection
	GlobalSection(ProjectConfigurationPlatforms) = postSolution
		{56841274-13A9-4F37-95B2-D0DC2EDD70F4}.Debug|Any CPU.ActiveCfg = Debug|Any CPU
		{56841274-13A9-4F37-95B2-D0DC2EDD70F4}.Debug|Any CPU.Build.0 = Debug|Any CPU
		{56841274-13A9-4F37-95B2-D0DC2EDD70F4}.Release|Any CPU.ActiveCfg = Release|Any CPU
		{56841274-13A9-4F37-95B2-D0DC2EDD70F4}.Release|Any CPU.Build.0 = Release|Any CPU
	EndGlobalSection
	GlobalSection(SolutionProperties) = preSolution
		HideSolutionNode = FALSE
	EndGlobalSection
	GlobalSection(ExtensibilityGlobals) = postSolution
		SolutionGuid = {6576F41A-C414-4161-B62C-86B3809B8135}
	EndGlobalSection
EndGlobal
